
Microsoft Visual Studio Solution File, Format Version 12.00
# Visual Studio 14
VisualStudioVersion = 14.0.25420.1
MinimumVisualStudioVersion = 10.0.40219.1
Project("{FAE04EC0-301F-11D3-BF4B-00C04F79EFBC}") = "LoadTest1", "LoadTest1\LoadTest1.csproj", "{5E44399A-3110-4BD5-9DF2-9B981F5F38A1}"
EndProject
Project("{2150E333-8FDC-42A3-9474-1A3956D46DE8}") = "Solution Items", "Solution Items", "{496180C0-12A9-40E1-91F0-59AAE991659B}"
	ProjectSection(SolutionItems) = preProject
		Local.testsettings = Local.testsettings
	EndProjectSection
EndProject
Global
	GlobalSection(SolutionConfigurationPlatforms) = preSolution
		Debug|Any CPU = Debug|Any CPU
		Release|Any CPU = Release|Any CPU
	EndGlobalSection
	GlobalSection(ProjectConfigurationPlatforms) = postSolution
		{5E44399A-3110-4BD5-9DF2-9B981F5F38A1}.Debug|Any CPU.ActiveCfg = Debug|Any CPU
		{5E44399A-3110-4BD5-9DF2-9B981F5F38A1}.Debug|Any CPU.Build.0 = Debug|Any CPU
		{5E44399A-3110-4BD5-9DF2-9B981F5F38A1}.Release|Any CPU.ActiveCfg = Release|Any CPU
		{5E44399A-3110-4BD5-9DF2-9B981F5F38A1}.Release|Any CPU.Build.0 = Release|Any CPU
	EndGlobalSection
	GlobalSection(SolutionProperties) = preSolution
		HideSolutionNode = FALSE
	EndGlobalSection
EndGlobal
